
Microsoft Visual Studio Solution File, Format Version 12.00
# Visual Studio Version 17
VisualStudioVersion = 17.4.33213.308
MinimumVisualStudioVersion = 10.0.40219.1
Project("{FAE04EC0-301F-11D3-BF4B-00C04F79EFBC}") = "rainfall", "rainfall.csproj", "{78030C74-3A37-43CF-BBC4-189EF38E08F3}"
EndProject
Global
	GlobalSection(SolutionConfigurationPlatforms) = preSolution
		Debug|Any CPU = Debug|Any CPU
		Release|Any CPU = Release|Any CPU
	EndGlobalSection
	GlobalSection(ProjectConfigurationPlatforms) = postSolution
		{78030C74-3A37-43CF-BBC4-189EF38E08F3}.Debug|Any CPU.ActiveCfg = Debug|Any CPU
		{78030C74-3A37-43CF-BBC4-189EF38E08F3}.Debug|Any CPU.Build.0 = Debug|Any CPU
		{78030C74-3A37-43CF-BBC4-189EF38E08F3}.Release|Any CPU.ActiveCfg = Release|Any CPU
		{78030C74-3A37-43CF-BBC4-189EF38E08F3}.Release|Any CPU.Build.0 = Release|Any CPU
	EndGlobalSection
	GlobalSection(SolutionProperties) = preSolution
		HideSolutionNode = FALSE
	EndGlobalSection
	GlobalSection(ExtensibilityGlobals) = postSolution
		SolutionGuid = {A81C5D6A-44EE-425C-B49F-3A43793BD364}
	EndGlobalSection
EndGlobal
